PODS:
  - ObjectiveRichFlyer (1.3.7)

DEPENDENCIES:
  - ObjectiveRichFlyer (= 1.3.7)

SPEC REPOS:
  https://github.com/INFOCITY/richflyer-specs.git:
    - ObjectiveRichFlyer

SPEC CHECKSUMS:
  ObjectiveRichFlyer: b75198fe93c87d19de3031b99e2ec5acf6d30de7

PODFILE CHECKSUM: 1df3f3834306fa0655c97203d409a5084a683a87

COCOAPODS: 1.11.3
