PODS:
  - ObjectiveRichFlyer (1.4.6)

DEPENDENCIES:
  - ObjectiveRichFlyer (= 1.4.6)

SPEC REPOS:
  https://github.com/INFOCITY/richflyer-specs.git:
    - ObjectiveRichFlyer

SPEC CHECKSUMS:
  ObjectiveRichFlyer: 8d434c0b588454a91cdb40a6cf8f5052c75701cf

PODFILE CHECKSUM: fe987eb1427c956c9e480acb9691aa86b90c5995

COCOAPODS: 1.11.3
